
Microsoft Visual Studio Solution File, Format Version 12.00
# Visual Studio Version 16
VisualStudioVersion = 16.0.30907.101
MinimumVisualStudioVersion = 10.0.40219.1
Project("{FAE04EC0-301F-11D3-BF4B-00C04F79EFBC}") = "BankAccount", "BankAccount\BankAccount.csproj", "{1B108332-8927-4A4F-8A4F-764F63718967}"
EndProject
Global
	GlobalSection(SolutionConfigurationPlatforms) = preSolution
		Debug|Any CPU = Debug|Any CPU
		Release|Any CPU = Release|Any CPU
	EndGlobalSection
	GlobalSection(ProjectConfigurationPlatforms) = postSolution
		{1B108332-8927-4A4F-8A4F-764F63718967}.Debug|Any CPU.ActiveCfg = Debug|Any CPU
		{1B108332-8927-4A4F-8A4F-764F63718967}.Debug|Any CPU.Build.0 = Debug|Any CPU
		{1B108332-8927-4A4F-8A4F-764F63718967}.Release|Any CPU.ActiveCfg = Release|Any CPU
		{1B108332-8927-4A4F-8A4F-764F63718967}.Release|Any CPU.Build.0 = Release|Any CPU
	EndGlobalSection
	GlobalSection(SolutionProperties) = preSolution
		HideSolutionNode = FALSE
	EndGlobalSection
	GlobalSection(ExtensibilityGlobals) = postSolution
		SolutionGuid = {F330F9AC-15E8-41D8-B44E-28C24DA2DB80}
	EndGlobalSection
EndGlobal
